// !$*UTF8*$!
{
	archiveVersion = 1;
	classes = {
	};
	objectVersion = 55;
	objects = {

/* Begin PBXBuildFile section */
		4C0D759F279A734000566CC0 /* User.swift in Sources */ = {isa = PBXBuildFile; fileRef = 4C0D759E279A734000566CC0 /* User.swift */; };
		4C0D75A1279A8AAE00566CC0 /* SignupSingleton.swift in Sources */ = {isa = PBXBuildFile; fileRef = 4C0D75A0279A8AAE00566CC0 /* SignupSingleton.swift */; };
		4C0D75A3279AD88600566CC0 /* NickNameViewController.swift in Sources */ = {isa = PBXBuildFile; fileRef = 4C0D75A2279AD88600566CC0 /* NickNameViewController.swift */; };
		4C0D75A5279AD8F400566CC0 /* BirthViewController.swift in Sources */ = {isa = PBXBuildFile; fileRef = 4C0D75A4279AD8F400566CC0 /* BirthViewController.swift */; };
		4C0D75A7279AD90000566CC0 /* EmailViewController.swift in Sources */ = {isa = PBXBuildFile; fileRef = 4C0D75A6279AD90000566CC0 /* EmailViewController.swift */; };
		4C0D75A9279AD90E00566CC0 /* GenderViewController.swift in Sources */ = {isa = PBXBuildFile; fileRef = 4C0D75A8279AD90E00566CC0 /* GenderViewController.swift */; };
		4C0D75AB279B0D4100566CC0 /* DateView.swift in Sources */ = {isa = PBXBuildFile; fileRef = 4C0D75AA279B0D4100566CC0 /* DateView.swift */; };
		4C0D75AD279B208300566CC0 /* Date + Extension.swift in Sources */ = {isa = PBXBuildFile; fileRef = 4C0D75AC279B208300566CC0 /* Date + Extension.swift */; };
		4C0D75B0279D623500566CC0 /* Alamofire in Frameworks */ = {isa = PBXBuildFile; productRef = 4C0D75AF279D623500566CC0 /* Alamofire */; };
		4C0D75B2279D892A00566CC0 /* HomeTabViewController.swift in Sources */ = {isa = PBXBuildFile; fileRef = 4C0D75B1279D892A00566CC0 /* HomeTabViewController.swift */; };
		4C0D75B4279D89F200566CC0 /* ShopViewController.swift in Sources */ = {isa = PBXBuildFile; fileRef = 4C0D75B3279D89F200566CC0 /* ShopViewController.swift */; };
		4C0D75B6279D8A1900566CC0 /* FriendsViewController.swift in Sources */ = {isa = PBXBuildFile; fileRef = 4C0D75B5279D8A1900566CC0 /* FriendsViewController.swift */; };
		4C0D75B8279D8A5E00566CC0 /* MyInfoViewController.swift in Sources */ = {isa = PBXBuildFile; fileRef = 4C0D75B7279D8A5E00566CC0 /* MyInfoViewController.swift */; };
		4C0D75C1279ED72700566CC0 /* RxCocoa in Frameworks */ = {isa = PBXBuildFile; productRef = 4C0D75C0279ED72700566CC0 /* RxCocoa */; };
		4C0D75C3279ED72700566CC0 /* RxRelay in Frameworks */ = {isa = PBXBuildFile; productRef = 4C0D75C2279ED72700566CC0 /* RxRelay */; };
		4C0D75C5279ED72700566CC0 /* RxSwift in Frameworks */ = {isa = PBXBuildFile; productRef = 4C0D75C4279ED72700566CC0 /* RxSwift */; };
		4C0D75C7279FF19B00566CC0 /* ProfileNameView.swift in Sources */ = {isa = PBXBuildFile; fileRef = 4C0D75C6279FF19B00566CC0 /* ProfileNameView.swift */; };
		4C0D75CD27A0432E00566CC0 /* MyInfoDetailVIewController.swift in Sources */ = {isa = PBXBuildFile; fileRef = 4C0D75CC27A0432E00566CC0 /* MyInfoDetailVIewController.swift */; };
		4C0D75CF27A10EB400566CC0 /* MyInfoViewModel.swift in Sources */ = {isa = PBXBuildFile; fileRef = 4C0D75CE27A10EB300566CC0 /* MyInfoViewModel.swift */; };
		4C0D75D727A123E900566CC0 /* MyInfoView.swift in Sources */ = {isa = PBXBuildFile; fileRef = 4C0D75D627A123E800566CC0 /* MyInfoView.swift */; };
		4C0D75D927A1266600566CC0 /* MyInfoFoldView.swift in Sources */ = {isa = PBXBuildFile; fileRef = 4C0D75D827A1266600566CC0 /* MyInfoFoldView.swift */; };
		4C0D75E127A1AA1A00566CC0 /* MyInfoModel.swift in Sources */ = {isa = PBXBuildFile; fileRef = 4C0D75E027A1AA1900566CC0 /* MyInfoModel.swift */; };
		4C0D75E427A1AE9900566CC0 /* MyInfoHeaderTableViewCell.swift in Sources */ = {isa = PBXBuildFile; fileRef = 4C0D75E327A1AE9900566CC0 /* MyInfoHeaderTableViewCell.swift */; };
		4C0D75E627A1B58800566CC0 /* MyInfoTableViewCell.swift in Sources */ = {isa = PBXBuildFile; fileRef = 4C0D75E527A1B58800566CC0 /* MyInfoTableViewCell.swift */; };
		4C0D75EC27A27A3E00566CC0 /* MyInfoTitleCollectionViewCell.swift in Sources */ = {isa = PBXBuildFile; fileRef = 4C0D75EB27A27A3E00566CC0 /* MyInfoTitleCollectionViewCell.swift */; };
		4C0D75EE27A27AA000566CC0 /* MyInfoCollectionView.swift in Sources */ = {isa = PBXBuildFile; fileRef = 4C0D75ED27A27AA000566CC0 /* MyInfoCollectionView.swift */; };
		4C0DBBD6279529D8005DBE66 /* AppDelegate.swift in Sources */ = {isa = PBXBuildFile; fileRef = 4C0DBBD5279529D8005DBE66 /* AppDelegate.swift */; };
		4C0DBBD8279529D8005DBE66 /* SceneDelegate.swift in Sources */ = {isa = PBXBuildFile; fileRef = 4C0DBBD7279529D8005DBE66 /* SceneDelegate.swift */; };
		4C0DBBDF279529DA005DBE66 /* Assets.xcassets in Resources */ = {isa = PBXBuildFile; fileRef = 4C0DBBDE279529DA005DBE66 /* Assets.xcassets */; };
		4C0DBBE2279529DA005DBE66 /* LaunchScreen.storyboard in Resources */ = {isa = PBXBuildFile; fileRef = 4C0DBBE0279529DA005DBE66 /* LaunchScreen.storyboard */; };
		4C0DBBEB27954762005DBE66 /* FirebaseAnalytics in Frameworks */ = {isa = PBXBuildFile; productRef = 4C0DBBEA27954762005DBE66 /* FirebaseAnalytics */; };
		4C0DBBED27954762005DBE66 /* FirebaseAuth in Frameworks */ = {isa = PBXBuildFile; productRef = 4C0DBBEC27954762005DBE66 /* FirebaseAuth */; };
		4C0DBBEF27954762005DBE66 /* FirebaseAuthCombine-Community in Frameworks */ = {isa = PBXBuildFile; productRef = 4C0DBBEE27954762005DBE66 /* FirebaseAuthCombine-Community */; };
		4C0DBBF127954762005DBE66 /* FirebaseCrashlytics in Frameworks */ = {isa = PBXBuildFile; productRef = 4C0DBBF027954762005DBE66 /* FirebaseCrashlytics */; };
		4C0DBBF327954762005DBE66 /* FirebaseDatabase in Frameworks */ = {isa = PBXBuildFile; productRef = 4C0DBBF227954762005DBE66 /* FirebaseDatabase */; };
		4C0DBBF527954762005DBE66 /* FirebaseFirestore in Frameworks */ = {isa = PBXBuildFile; productRef = 4C0DBBF427954762005DBE66 /* FirebaseFirestore */; };
		4C0DBBF727954762005DBE66 /* FirebaseMessaging in Frameworks */ = {isa = PBXBuildFile; productRef = 4C0DBBF627954762005DBE66 /* FirebaseMessaging */; };
		4C0DBC0027955935005DBE66 /* SnapKit in Frameworks */ = {isa = PBXBuildFile; productRef = 4C0DBBFF27955935005DBE66 /* SnapKit */; };
		4C0DBC022796E3D7005DBE66 /* GoogleService-Info.plist in Resources */ = {isa = PBXBuildFile; fileRef = 4C0DBC012796E3D7005DBE66 /* GoogleService-Info.plist */; };
		4C62F7D327A2E143004C5BEC /* MyInfoHeaderView.swift in Sources */ = {isa = PBXBuildFile; fileRef = 4C62F7D227A2E143004C5BEC /* MyInfoHeaderView.swift */; };
		4C62F7D527A2F138004C5BEC /* MyInfoSpecificView.swift in Sources */ = {isa = PBXBuildFile; fileRef = 4C62F7D427A2F138004C5BEC /* MyInfoSpecificView.swift */; };
		4C62F7D727A40828004C5BEC /* AlertView.swift in Sources */ = {isa = PBXBuildFile; fileRef = 4C62F7D627A40828004C5BEC /* AlertView.swift */; };
		4CF7756227970B26009CC655 /* Rswift in Frameworks */ = {isa = PBXBuildFile; productRef = 4CF7756127970B26009CC655 /* Rswift */; };
		4CF7756827970FDC009CC655 /* R.generated.swift in Sources */ = {isa = PBXBuildFile; fileRef = 4CF7756727970FDC009CC655 /* R.generated.swift */; };
		4CF775702797B16A009CC655 /* NotoSansKR-Medium.otf in Resources */ = {isa = PBXBuildFile; fileRef = 4CF7756D2797B16A009CC655 /* NotoSansKR-Medium.otf */; };
		4CF775712797B16A009CC655 /* NotoSansKR-Regular.otf in Resources */ = {isa = PBXBuildFile; fileRef = 4CF7756E2797B16A009CC655 /* NotoSansKR-Regular.otf */; };
		4CF775722797B16A009CC655 /* OFL.txt in Resources */ = {isa = PBXBuildFile; fileRef = 4CF7756F2797B16A009CC655 /* OFL.txt */; };
		4CF775742797CD8F009CC655 /* OnboardViewController.swift in Sources */ = {isa = PBXBuildFile; fileRef = 4CF775732797CD8F009CC655 /* OnboardViewController.swift */; };
		4CF775782797E7B5009CC655 /* UILabel + Extension.swift in Sources */ = {isa = PBXBuildFile; fileRef = 4CF775772797E7B5009CC655 /* UILabel + Extension.swift */; };
		4CF7757A2797E7CC009CC655 /* UITextView + Extension.swift in Sources */ = {isa = PBXBuildFile; fileRef = 4CF775792797E7CB009CC655 /* UITextView + Extension.swift */; };
		4CF7757C2797EF15009CC655 /* UIFont + Extension.swift in Sources */ = {isa = PBXBuildFile; fileRef = 4CF7757B2797EF15009CC655 /* UIFont + Extension.swift */; };
		4CF7757E2797F19E009CC655 /* String + Extension.swift in Sources */ = {isa = PBXBuildFile; fileRef = 4CF7757D2797F19E009CC655 /* String + Extension.swift */; };
		4CF775802797FB20009CC655 /* BaseViewController.swift in Sources */ = {isa = PBXBuildFile; fileRef = 4CF7757F2797FB20009CC655 /* BaseViewController.swift */; };
		4CF7758527982B45009CC655 /* CertificationViewController.swift in Sources */ = {isa = PBXBuildFile; fileRef = 4CF7758427982B45009CC655 /* CertificationViewController.swift */; };
		4CF7758727982D44009CC655 /* CertificationViewModel.swift in Sources */ = {isa = PBXBuildFile; fileRef = 4CF7758627982D44009CC655 /* CertificationViewModel.swift */; };
		4CF7758A27982D87009CC655 /* Observable.swift in Sources */ = {isa = PBXBuildFile; fileRef = 4CF7758927982D87009CC655 /* Observable.swift */; };
		4CF7758E27982EE1009CC655 /* APIService.swift in Sources */ = {isa = PBXBuildFile; fileRef = 4CF7758D27982EE1009CC655 /* APIService.swift */; };
		4CF7759027982EF4009CC655 /* EndPoint.swift in Sources */ = {isa = PBXBuildFile; fileRef = 4CF7758F27982EF4009CC655 /* EndPoint.swift */; };
		4CF775922798316F009CC655 /* HomeViewController.swift in Sources */ = {isa = PBXBuildFile; fileRef = 4CF775912798316F009CC655 /* HomeViewController.swift */; };
		4CF77594279831AE009CC655 /* CerMessageViewController.swift in Sources */ = {isa = PBXBuildFile; fileRef = 4CF77593279831AE009CC655 /* CerMessageViewController.swift */; };
		4CF77596279834A0009CC655 /* UIButton + Extension.swift in Sources */ = {isa = PBXBuildFile; fileRef = 4CF77595279834A0009CC655 /* UIButton + Extension.swift */; };
		4CF77599279837EA009CC655 /* IQKeyboardManagerSwift in Frameworks */ = {isa = PBXBuildFile; productRef = 4CF77598279837EA009CC655 /* IQKeyboardManagerSwift */; };
		4CF7759B27983BB5009CC655 /* UITextField + Extension.swift in Sources */ = {isa = PBXBuildFile; fileRef = 4CF7759A27983BB5009CC655 /* UITextField + Extension.swift */; };
		4CF7759E279877AD009CC655 /* UIViewController + Extension.swift in Sources */ = {isa = PBXBuildFile; fileRef = 4CF7759D279877AD009CC655 /* UIViewController + Extension.swift */; };
		51295B6CF39E61D9A895D4F3 /* Pods_usKet_HobbyFriend.framework in Frameworks */ = {isa = PBXBuildFile; fileRef = 05833AEF4EA9FD78D726926E /* Pods_usKet_HobbyFriend.framework */; };
/* End PBXBuildFile section */

/* Begin PBXFileReference section */
		05833AEF4EA9FD78D726926E /* Pods_usKet_HobbyFriend.framework */ = {isa = PBXFileReference; explicitFileType = wrapper.framework; includeInIndex = 0; path = Pods_usKet_HobbyFriend.framework; sourceTree = BUILT_PRODUCTS_DIR; };
		384711D0DB3E1DB032B24F36 /* Pods-usKet_HobbyFriend.debug.xcconfig */ = {isa = PBXFileReference; includeInIndex = 1; lastKnownFileType = text.xcconfig; name = "Pods-usKet_HobbyFriend.debug.xcconfig"; path = "Target Support Files/Pods-usKet_HobbyFriend/Pods-usKet_HobbyFriend.debug.xcconfig"; sourceTree = "<group>"; };
		4C0D759E279A734000566CC0 /* User.swift */ = {isa = PBXFileReference; lastKnownFileType = sourcecode.swift; path = User.swift; sourceTree = "<group>"; };
		4C0D75A0279A8AAE00566CC0 /* SignupSingleton.swift */ = {isa = PBXFileReference; lastKnownFileType = sourcecode.swift; path = SignupSingleton.swift; sourceTree = "<group>"; };
		4C0D75A2279AD88600566CC0 /* NickNameViewController.swift */ = {isa = PBXFileReference; lastKnownFileType = sourcecode.swift; path = NickNameViewController.swift; sourceTree = "<group>"; };
		4C0D75A4279AD8F400566CC0 /* BirthViewController.swift */ = {isa = PBXFileReference; lastKnownFileType = sourcecode.swift; path = BirthViewController.swift; sourceTree = "<group>"; };
		4C0D75A6279AD90000566CC0 /* EmailViewController.swift */ = {isa = PBXFileReference; lastKnownFileType = sourcecode.swift; path = EmailViewController.swift; sourceTree = "<group>"; };
		4C0D75A8279AD90E00566CC0 /* GenderViewController.swift */ = {isa = PBXFileReference; lastKnownFileType = sourcecode.swift; path = GenderViewController.swift; sourceTree = "<group>"; };
		4C0D75AA279B0D4100566CC0 /* DateView.swift */ = {isa = PBXFileReference; lastKnownFileType = sourcecode.swift; path = DateView.swift; sourceTree = "<group>"; };
		4C0D75AC279B208300566CC0 /* Date + Extension.swift */ = {isa = PBXFileReference; lastKnownFileType = sourcecode.swift; path = "Date + Extension.swift"; sourceTree = "<group>"; };
		4C0D75B1279D892A00566CC0 /* HomeTabViewController.swift */ = {isa = PBXFileReference; lastKnownFileType = sourcecode.swift; path = HomeTabViewController.swift; sourceTree = "<group>"; };
		4C0D75B3279D89F200566CC0 /* ShopViewController.swift */ = {isa = PBXFileReference; lastKnownFileType = sourcecode.swift; path = ShopViewController.swift; sourceTree = "<group>"; };
		4C0D75B5279D8A1900566CC0 /* FriendsViewController.swift */ = {isa = PBXFileReference; lastKnownFileType = sourcecode.swift; path = FriendsViewController.swift; sourceTree = "<group>"; };
		4C0D75B7279D8A5E00566CC0 /* MyInfoViewController.swift */ = {isa = PBXFileReference; lastKnownFileType = sourcecode.swift; path = MyInfoViewController.swift; sourceTree = "<group>"; };
		4C0D75C6279FF19B00566CC0 /* ProfileNameView.swift */ = {isa = PBXFileReference; lastKnownFileType = sourcecode.swift; path = ProfileNameView.swift; sourceTree = "<group>"; };
		4C0D75CC27A0432E00566CC0 /* MyInfoDetailVIewController.swift */ = {isa = PBXFileReference; lastKnownFileType = sourcecode.swift; path = MyInfoDetailVIewController.swift; sourceTree = "<group>"; };
		4C0D75CE27A10EB300566CC0 /* MyInfoViewModel.swift */ = {isa = PBXFileReference; lastKnownFileType = sourcecode.swift; path = MyInfoViewModel.swift; sourceTree = "<group>"; };
		4C0D75D627A123E800566CC0 /* MyInfoView.swift */ = {isa = PBXFileReference; lastKnownFileType = sourcecode.swift; path = MyInfoView.swift; sourceTree = "<group>"; };
		4C0D75D827A1266600566CC0 /* MyInfoFoldView.swift */ = {isa = PBXFileReference; lastKnownFileType = sourcecode.swift; path = MyInfoFoldView.swift; sourceTree = "<group>"; };
		4C0D75E027A1AA1900566CC0 /* MyInfoModel.swift */ = {isa = PBXFileReference; lastKnownFileType = sourcecode.swift; path = MyInfoModel.swift; sourceTree = "<group>"; };
		4C0D75E327A1AE9900566CC0 /* MyInfoHeaderTableViewCell.swift */ = {isa = PBXFileReference; lastKnownFileType = sourcecode.swift; path = MyInfoHeaderTableViewCell.swift; sourceTree = "<group>"; };
		4C0D75E527A1B58800566CC0 /* MyInfoTableViewCell.swift */ = {isa = PBXFileReference; lastKnownFileType = sourcecode.swift; path = MyInfoTableViewCell.swift; sourceTree = "<group>"; };
		4C0D75EB27A27A3E00566CC0 /* MyInfoTitleCollectionViewCell.swift */ = {isa = PBXFileReference; lastKnownFileType = sourcecode.swift; path = MyInfoTitleCollectionViewCell.swift; sourceTree = "<group>"; };
		4C0D75ED27A27AA000566CC0 /* MyInfoCollectionView.swift */ = {isa = PBXFileReference; lastKnownFileType = sourcecode.swift; path = MyInfoCollectionView.swift; sourceTree = "<group>"; };
		4C0DBBD2279529D8005DBE66 /* usKet_HobbyFriend.app */ = {isa = PBXFileReference; explicitFileType = wrapper.application; includeInIndex = 0; path = usKet_HobbyFriend.app; sourceTree = BUILT_PRODUCTS_DIR; };
		4C0DBBD5279529D8005DBE66 /* AppDelegate.swift */ = {isa = PBXFileReference; lastKnownFileType = sourcecode.swift; path = AppDelegate.swift; sourceTree = "<group>"; };
		4C0DBBD7279529D8005DBE66 /* SceneDelegate.swift */ = {isa = PBXFileReference; lastKnownFileType = sourcecode.swift; path = SceneDelegate.swift; sourceTree = "<group>"; };
		4C0DBBDE279529DA005DBE66 /* Assets.xcassets */ = {isa = PBXFileReference; lastKnownFileType = folder.assetcatalog; path = Assets.xcassets; sourceTree = "<group>"; };
		4C0DBBE1279529DA005DBE66 /* Base */ = {isa = PBXFileReference; lastKnownFileType = file.storyboard; name = Base; path = Base.lproj/LaunchScreen.storyboard; sourceTree = "<group>"; };
		4C0DBBE3279529DA005DBE66 /* Info.plist */ = {isa = PBXFileReference; lastKnownFileType = text.plist.xml; path = Info.plist; sourceTree = "<group>"; };
		4C0DBC012796E3D7005DBE66 /* GoogleService-Info.plist */ = {isa = PBXFileReference; fileEncoding = 4; lastKnownFileType = text.plist.xml; name = "GoogleService-Info.plist"; path = "../../../SeSAC_자료/17주차/SeSAC_SPL/GoogleService-Info.plist"; sourceTree = "<group>"; };
		4C62F7D227A2E143004C5BEC /* MyInfoHeaderView.swift */ = {isa = PBXFileReference; lastKnownFileType = sourcecode.swift; path = MyInfoHeaderView.swift; sourceTree = "<group>"; };
		4C62F7D427A2F138004C5BEC /* MyInfoSpecificView.swift */ = {isa = PBXFileReference; lastKnownFileType = sourcecode.swift; path = MyInfoSpecificView.swift; sourceTree = "<group>"; };
		4C62F7D627A40828004C5BEC /* AlertView.swift */ = {isa = PBXFileReference; lastKnownFileType = sourcecode.swift; path = AlertView.swift; sourceTree = "<group>"; };
		4CF7756727970FDC009CC655 /* R.generated.swift */ = {isa = PBXFileReference; fileEncoding = 4; lastKnownFileType = sourcecode.swift; name = R.generated.swift; path = usKet_HobbyFriend/Resource/R.generated.swift; sourceTree = SOURCE_ROOT; };
		4CF7756D2797B16A009CC655 /* NotoSansKR-Medium.otf */ = {isa = PBXFileReference; lastKnownFileType = file; name = "NotoSansKR-Medium.otf"; path = "../../../../Downloads/Noto_Sans_KR/NotoSansKR-Medium.otf"; sourceTree = "<group>"; };
		4CF7756E2797B16A009CC655 /* NotoSansKR-Regular.otf */ = {isa = PBXFileReference; lastKnownFileType = file; name = "NotoSansKR-Regular.otf"; path = "../../../../Downloads/Noto_Sans_KR/NotoSansKR-Regular.otf"; sourceTree = "<group>"; };
		4CF7756F2797B16A009CC655 /* OFL.txt */ = {isa = PBXFileReference; fileEncoding = 4; lastKnownFileType = text; name = OFL.txt; path = ../../../../Downloads/Noto_Sans_KR/OFL.txt; sourceTree = "<group>"; };
		4CF775732797CD8F009CC655 /* OnboardViewController.swift */ = {isa = PBXFileReference; lastKnownFileType = sourcecode.swift; path = OnboardViewController.swift; sourceTree = "<group>"; };
		4CF775772797E7B5009CC655 /* UILabel + Extension.swift */ = {isa = PBXFileReference; lastKnownFileType = sourcecode.swift; path = "UILabel + Extension.swift"; sourceTree = "<group>"; };
		4CF775792797E7CB009CC655 /* UITextView + Extension.swift */ = {isa = PBXFileReference; lastKnownFileType = sourcecode.swift; path = "UITextView + Extension.swift"; sourceTree = "<group>"; };
		4CF7757B2797EF15009CC655 /* UIFont + Extension.swift */ = {isa = PBXFileReference; lastKnownFileType = sourcecode.swift; path = "UIFont + Extension.swift"; sourceTree = "<group>"; };
		4CF7757D2797F19E009CC655 /* String + Extension.swift */ = {isa = PBXFileReference; lastKnownFileType = sourcecode.swift; path = "String + Extension.swift"; sourceTree = "<group>"; };
		4CF7757F2797FB20009CC655 /* BaseViewController.swift */ = {isa = PBXFileReference; lastKnownFileType = sourcecode.swift; path = BaseViewController.swift; sourceTree = "<group>"; };
		4CF7758427982B45009CC655 /* CertificationViewController.swift */ = {isa = PBXFileReference; lastKnownFileType = sourcecode.swift; path = CertificationViewController.swift; sourceTree = "<group>"; };
		4CF7758627982D44009CC655 /* CertificationViewModel.swift */ = {isa = PBXFileReference; lastKnownFileType = sourcecode.swift; path = CertificationViewModel.swift; sourceTree = "<group>"; };
		4CF7758927982D87009CC655 /* Observable.swift */ = {isa = PBXFileReference; lastKnownFileType = sourcecode.swift; path = Observable.swift; sourceTree = "<group>"; };
		4CF7758D27982EE1009CC655 /* APIService.swift */ = {isa = PBXFileReference; lastKnownFileType = sourcecode.swift; path = APIService.swift; sourceTree = "<group>"; };
		4CF7758F27982EF4009CC655 /* EndPoint.swift */ = {isa = PBXFileReference; lastKnownFileType = sourcecode.swift; path = EndPoint.swift; sourceTree = "<group>"; };
		4CF775912798316F009CC655 /* HomeViewController.swift */ = {isa = PBXFileReference; lastKnownFileType = sourcecode.swift; path = HomeViewController.swift; sourceTree = "<group>"; };
		4CF77593279831AE009CC655 /* CerMessageViewController.swift */ = {isa = PBXFileReference; lastKnownFileType = sourcecode.swift; path = CerMessageViewController.swift; sourceTree = "<group>"; };
		4CF77595279834A0009CC655 /* UIButton + Extension.swift */ = {isa = PBXFileReference; lastKnownFileType = sourcecode.swift; path = "UIButton + Extension.swift"; sourceTree = "<group>"; };
		4CF7759A27983BB5009CC655 /* UITextField + Extension.swift */ = {isa = PBXFileReference; lastKnownFileType = sourcecode.swift; path = "UITextField + Extension.swift"; sourceTree = "<group>"; };
		4CF7759D279877AD009CC655 /* UIViewController + Extension.swift */ = {isa = PBXFileReference; lastKnownFileType = sourcecode.swift; path = "UIViewController + Extension.swift"; sourceTree = "<group>"; };
		8F096AC900D0AB011B455893 /* Pods-usKet_HobbyFriend.release.xcconfig */ = {isa = PBXFileReference; includeInIndex = 1; lastKnownFileType = text.xcconfig; name = "Pods-usKet_HobbyFriend.release.xcconfig"; path = "Target Support Files/Pods-usKet_HobbyFriend/Pods-usKet_HobbyFriend.release.xcconfig"; sourceTree = "<group>"; };
/* End PBXFileReference section */

/* Begin PBXFrameworksBuildPhase section */
		4C0DBBCF279529D8005DBE66 /* Frameworks */ = {
			isa = PBXFrameworksBuildPhase;
			buildActionMask = 2147483647;
			files = (
				4C0DBBF327954762005DBE66 /* FirebaseDatabase in Frameworks */,
				4C0DBC0027955935005DBE66 /* SnapKit in Frameworks */,
				4C0DBBEB27954762005DBE66 /* FirebaseAnalytics in Frameworks */,
				4C0DBBF727954762005DBE66 /* FirebaseMessaging in Frameworks */,
				4C0DBBF127954762005DBE66 /* FirebaseCrashlytics in Frameworks */,
				4C0D75B0279D623500566CC0 /* Alamofire in Frameworks */,
				4C0D75C5279ED72700566CC0 /* RxSwift in Frameworks */,
				4C0D75C1279ED72700566CC0 /* RxCocoa in Frameworks */,
				4C0DBBEF27954762005DBE66 /* FirebaseAuthCombine-Community in Frameworks */,
				4CF7756227970B26009CC655 /* Rswift in Frameworks */,
				4C0D75C3279ED72700566CC0 /* RxRelay in Frameworks */,
				4C0DBBED27954762005DBE66 /* FirebaseAuth in Frameworks */,
				4C0DBBF527954762005DBE66 /* FirebaseFirestore in Frameworks */,
				4CF77599279837EA009CC655 /* IQKeyboardManagerSwift in Frameworks */,
				51295B6CF39E61D9A895D4F3 /* Pods_usKet_HobbyFriend.framework in Frameworks */,
			);
			runOnlyForDeploymentPostprocessing = 0;
		};
/* End PBXFrameworksBuildPhase section */

/* Begin PBXGroup section */
		33A8195C3A5DF03CF3D27461 /* Frameworks */ = {
			isa = PBXGroup;
			children = (
				05833AEF4EA9FD78D726926E /* Pods_usKet_HobbyFriend.framework */,
			);
			name = Frameworks;
			sourceTree = "<group>";
		};
		4C0D75B9279ECDEC00566CC0 /* Home */ = {
			isa = PBXGroup;
			children = (
				4C0D75B1279D892A00566CC0 /* HomeTabViewController.swift */,
			);
			path = Home;
			sourceTree = "<group>";
		};
		4C0D75BA279ECDFF00566CC0 /* Shop */ = {
			isa = PBXGroup;
			children = (
				4C0D75B3279D89F200566CC0 /* ShopViewController.swift */,
			);
			path = Shop;
			sourceTree = "<group>";
		};
		4C0D75BB279ECE1B00566CC0 /* Friends */ = {
			isa = PBXGroup;
			children = (
				4C0D75B5279D8A1900566CC0 /* FriendsViewController.swift */,
			);
			path = Friends;
			sourceTree = "<group>";
		};
		4C0D75BC279ECE2300566CC0 /* MyInfo */ = {
			isa = PBXGroup;
			children = (
				4C0D75B7279D8A5E00566CC0 /* MyInfoViewController.swift */,
				4C0D75CC27A0432E00566CC0 /* MyInfoDetailVIewController.swift */,
				4C62F7D427A2F138004C5BEC /* MyInfoSpecificView.swift */,
			);
			path = MyInfo;
			sourceTree = "<group>";
		};
		4C0D75D027A1154400566CC0 /* UIView + Resusable */ = {
			isa = PBXGroup;
			children = (
				4C0D75C6279FF19B00566CC0 /* ProfileNameView.swift */,
				4C62F7D627A40828004C5BEC /* AlertView.swift */,
				4C0D75ED27A27AA000566CC0 /* MyInfoCollectionView.swift */,
				4C0D75D827A1266600566CC0 /* MyInfoFoldView.swift */,
				4C62F7D227A2E143004C5BEC /* MyInfoHeaderView.swift */,
				4C0D75D627A123E800566CC0 /* MyInfoView.swift */,
			);
			path = "UIView + Resusable";
			sourceTree = "<group>";
		};
		4C0D75D127A116BC00566CC0 /* Onboard */ = {
			isa = PBXGroup;
			children = (
				4CF775732797CD8F009CC655 /* OnboardViewController.swift */,
			);
			path = Onboard;
			sourceTree = "<group>";
		};
		4C0D75D227A116C700566CC0 /* Certification */ = {
			isa = PBXGroup;
			children = (
				4CF77593279831AE009CC655 /* CerMessageViewController.swift */,
				4CF7758427982B45009CC655 /* CertificationViewController.swift */,
			);
			path = Certification;
			sourceTree = "<group>";
		};
		4C0D75D327A116D100566CC0 /* Signup */ = {
			isa = PBXGroup;
			children = (
				4C0D75A2279AD88600566CC0 /* NickNameViewController.swift */,
				4C0D75AA279B0D4100566CC0 /* DateView.swift */,
				4C0D75A4279AD8F400566CC0 /* BirthViewController.swift */,
				4C0D75A6279AD90000566CC0 /* EmailViewController.swift */,
				4C0D75A8279AD90E00566CC0 /* GenderViewController.swift */,
			);
			path = Signup;
			sourceTree = "<group>";
		};
		4C0D75E227A1AE1C00566CC0 /* view */ = {
			isa = PBXGroup;
			children = (
				4C0D75E327A1AE9900566CC0 /* MyInfoHeaderTableViewCell.swift */,
				4C0D75E527A1B58800566CC0 /* MyInfoTableViewCell.swift */,
				4C0D75EB27A27A3E00566CC0 /* MyInfoTitleCollectionViewCell.swift */,
			);
			path = view;
			sourceTree = "<group>";
		};
		4C0DBBC9279529D8005DBE66 = {
			isa = PBXGroup;
			children = (
				4C0DBBD4279529D8005DBE66 /* usKet_HobbyFriend */,
				4C0DBBD3279529D8005DBE66 /* Products */,
				C1B0C6FA580D1EB5ABAC1071 /* Pods */,
				33A8195C3A5DF03CF3D27461 /* Frameworks */,
			);
			sourceTree = "<group>";
		};
		4C0DBBD3279529D8005DBE66 /* Products */ = {
			isa = PBXGroup;
			children = (
				4C0DBBD2279529D8005DBE66 /* usKet_HobbyFriend.app */,
			);
			name = Products;
			sourceTree = "<group>";
		};
		4C0DBBD4279529D8005DBE66 /* usKet_HobbyFriend */ = {
			isa = PBXGroup;
			children = (
				4C0DBC012796E3D7005DBE66 /* GoogleService-Info.plist */,
				4C0DBBE3279529DA005DBE66 /* Info.plist */,
				4C0DBBE0279529DA005DBE66 /* LaunchScreen.storyboard */,
				4C0DBBD5279529D8005DBE66 /* AppDelegate.swift */,
				4C0DBBD7279529D8005DBE66 /* SceneDelegate.swift */,
				4CF7756C2797B156009CC655 /* Resource */,
				4CF7758C27982EBF009CC655 /* APIService */,
				4CF775762797E78D009CC655 /* Extension */,
				4CF775752797CD9E009CC655 /* Auth */,
				4C0DBC032796E53C005DBE66 /* Model */,
				4C0DBC052796E54C005DBE66 /* Controller */,
				4C0DBC042796E543005DBE66 /* ViewModel */,
			);
			path = usKet_HobbyFriend;
			sourceTree = "<group>";
		};
		4C0DBC032796E53C005DBE66 /* Model */ = {
			isa = PBXGroup;
			children = (
				4C0D759E279A734000566CC0 /* User.swift */,
				4C0D75E027A1AA1900566CC0 /* MyInfoModel.swift */,
			);
			path = Model;
			sourceTree = "<group>";
		};
		4C0DBC042796E543005DBE66 /* ViewModel */ = {
			isa = PBXGroup;
			children = (
				4CF7758927982D87009CC655 /* Observable.swift */,
				4C0D75CE27A10EB300566CC0 /* MyInfoViewModel.swift */,
			);
			path = ViewModel;
			sourceTree = "<group>";
		};
		4C0DBC052796E54C005DBE66 /* Controller */ = {
			isa = PBXGroup;
			children = (
				4CF7757F2797FB20009CC655 /* BaseViewController.swift */,
				4CF775912798316F009CC655 /* HomeViewController.swift */,
				4C0D75E227A1AE1C00566CC0 /* view */,
				4C0D75D027A1154400566CC0 /* UIView + Resusable */,
				4C0D75B9279ECDEC00566CC0 /* Home */,
				4C0D75BA279ECDFF00566CC0 /* Shop */,
				4C0D75BB279ECE1B00566CC0 /* Friends */,
				4C0D75BC279ECE2300566CC0 /* MyInfo */,
			);
			path = Controller;
			sourceTree = "<group>";
		};
		4CF7756C2797B156009CC655 /* Resource */ = {
			isa = PBXGroup;
			children = (
				4C0DBBDE279529DA005DBE66 /* Assets.xcassets */,
				4CF7756D2797B16A009CC655 /* NotoSansKR-Medium.otf */,
				4CF7756E2797B16A009CC655 /* NotoSansKR-Regular.otf */,
				4CF7756F2797B16A009CC655 /* OFL.txt */,
				4CF7756727970FDC009CC655 /* R.generated.swift */,
			);
			path = Resource;
			sourceTree = "<group>";
		};
		4CF775752797CD9E009CC655 /* Auth */ = {
			isa = PBXGroup;
			children = (
				4C0D75A0279A8AAE00566CC0 /* SignupSingleton.swift */,
				4CF7758127982A83009CC655 /* View */,
				4CF7758327982AA6009CC655 /* ViewModel */,
			);
			path = Auth;
			sourceTree = "<group>";
		};
		4CF775762797E78D009CC655 /* Extension */ = {
			isa = PBXGroup;
			children = (
				4CF775772797E7B5009CC655 /* UILabel + Extension.swift */,
				4CF7757B2797EF15009CC655 /* UIFont + Extension.swift */,
				4CF775792797E7CB009CC655 /* UITextView + Extension.swift */,
				4CF77595279834A0009CC655 /* UIButton + Extension.swift */,
				4CF7759A27983BB5009CC655 /* UITextField + Extension.swift */,
				4CF7759D279877AD009CC655 /* UIViewController + Extension.swift */,
				4CF7757D2797F19E009CC655 /* String + Extension.swift */,
				4C0D75AC279B208300566CC0 /* Date + Extension.swift */,
			);
			path = Extension;
			sourceTree = "<group>";
		};
		4CF7758127982A83009CC655 /* View */ = {
			isa = PBXGroup;
			children = (
				4C0D75D127A116BC00566CC0 /* Onboard */,
				4C0D75D227A116C700566CC0 /* Certification */,
				4C0D75D327A116D100566CC0 /* Signup */,
			);
			path = View;
			sourceTree = "<group>";
		};
		4CF7758327982AA6009CC655 /* ViewModel */ = {
			isa = PBXGroup;
			children = (
				4CF7758627982D44009CC655 /* CertificationViewModel.swift */,
			);
			path = ViewModel;
			sourceTree = "<group>";
		};
		4CF7758C27982EBF009CC655 /* APIService */ = {
			isa = PBXGroup;
			children = (
				4CF7758D27982EE1009CC655 /* APIService.swift */,
				4CF7758F27982EF4009CC655 /* EndPoint.swift */,
			);
			path = APIService;
			sourceTree = "<group>";
		};
		C1B0C6FA580D1EB5ABAC1071 /* Pods */ = {
			isa = PBXGroup;
			children = (
				384711D0DB3E1DB032B24F36 /* Pods-usKet_HobbyFriend.debug.xcconfig */,
				8F096AC900D0AB011B455893 /* Pods-usKet_HobbyFriend.release.xcconfig */,
			);
			name = Pods;
			path = Pods;
			sourceTree = "<group>";
		};
/* End PBXGroup section */

/* Begin PBXNativeTarget section */
		4C0DBBD1279529D8005DBE66 /* usKet_HobbyFriend */ = {
			isa = PBXNativeTarget;
			buildConfigurationList = 4C0DBBE6279529DA005DBE66 /* Build configuration list for PBXNativeTarget "usKet_HobbyFriend" */;
			buildPhases = (
				89D0F19EE5BB280772BC74CE /* [CP] Check Pods Manifest.lock */,
				4CF7755F27970724009CC655 /* ShellScript */,
				4C0DBBCE279529D8005DBE66 /* Sources */,
				4C0DBBCF279529D8005DBE66 /* Frameworks */,
				4C0DBBD0279529D8005DBE66 /* Resources */,
				569ECA83EBA24D9521CE6F26 /* [CP] Embed Pods Frameworks */,
			);
			buildRules = (
			);
			dependencies = (
			);
			name = usKet_HobbyFriend;
			packageProductDependencies = (
				4C0DBBEA27954762005DBE66 /* FirebaseAnalytics */,
				4C0DBBEC27954762005DBE66 /* FirebaseAuth */,
				4C0DBBEE27954762005DBE66 /* FirebaseAuthCombine-Community */,
				4C0DBBF027954762005DBE66 /* FirebaseCrashlytics */,
				4C0DBBF227954762005DBE66 /* FirebaseDatabase */,
				4C0DBBF427954762005DBE66 /* FirebaseFirestore */,
				4C0DBBF627954762005DBE66 /* FirebaseMessaging */,
				4C0DBBFF27955935005DBE66 /* SnapKit */,
				4CF7756127970B26009CC655 /* Rswift */,
				4CF77598279837EA009CC655 /* IQKeyboardManagerSwift */,
				4C0D75AF279D623500566CC0 /* Alamofire */,
				4C0D75C0279ED72700566CC0 /* RxCocoa */,
				4C0D75C2279ED72700566CC0 /* RxRelay */,
				4C0D75C4279ED72700566CC0 /* RxSwift */,
			);
			productName = usKet_HobbyFriend;
			productReference = 4C0DBBD2279529D8005DBE66 /* usKet_HobbyFriend.app */;
			productType = "com.apple.product-type.application";
		};
/* End PBXNativeTarget section */

/* Begin PBXProject section */
		4C0DBBCA279529D8005DBE66 /* Project object */ = {
			isa = PBXProject;
			attributes = {
				BuildIndependentTargetsInParallel = 1;
				LastSwiftUpdateCheck = 1310;
				LastUpgradeCheck = 1310;
				TargetAttributes = {
					4C0DBBD1279529D8005DBE66 = {
						CreatedOnToolsVersion = 13.1;
					};
				};
			};
			buildConfigurationList = 4C0DBBCD279529D8005DBE66 /* Build configuration list for PBXProject "usKet_HobbyFriend" */;
			compatibilityVersion = "Xcode 13.0";
			developmentRegion = en;
			hasScannedForEncodings = 0;
			knownRegions = (
				en,
				Base,
			);
			mainGroup = 4C0DBBC9279529D8005DBE66;
			packageReferences = (
				4C0DBBE927954762005DBE66 /* XCRemoteSwiftPackageReference "firebase-ios-sdk" */,
				4C0DBBFE27955935005DBE66 /* XCRemoteSwiftPackageReference "SnapKit" */,
				4CF7756027970B26009CC655 /* XCRemoteSwiftPackageReference "R.swift.Library" */,
				4CF77597279837EA009CC655 /* XCRemoteSwiftPackageReference "IQKeyboardManager" */,
				4C0D75AE279D623400566CC0 /* XCRemoteSwiftPackageReference "Alamofire" */,
				4C0D75BF279ED72600566CC0 /* XCRemoteSwiftPackageReference "RxSwift" */,
			);
			productRefGroup = 4C0DBBD3279529D8005DBE66 /* Products */;
			projectDirPath = "";
			projectRoot = "";
			targets = (
				4C0DBBD1279529D8005DBE66 /* usKet_HobbyFriend */,
			);
		};
/* End PBXProject section */

/* Begin PBXResourcesBuildPhase section */
		4C0DBBD0279529D8005DBE66 /* Resources */ = {
			isa = PBXResourcesBuildPhase;
			buildActionMask = 2147483647;
			files = (
				4CF775722797B16A009CC655 /* OFL.txt in Resources */,
				4CF775702797B16A009CC655 /* NotoSansKR-Medium.otf in Resources */,
				4C0DBBE2279529DA005DBE66 /* LaunchScreen.storyboard in Resources */,
				4C0DBBDF279529DA005DBE66 /* Assets.xcassets in Resources */,
				4C0DBC022796E3D7005DBE66 /* GoogleService-Info.plist in Resources */,
				4CF775712797B16A009CC655 /* NotoSansKR-Regular.otf in Resources */,
			);
			runOnlyForDeploymentPostprocessing = 0;
		};
/* End PBXResourcesBuildPhase section */

/* Begin PBXShellScriptBuildPhase section */
		4CF7755F27970724009CC655 /* ShellScript */ = {
			isa = PBXShellScriptBuildPhase;
			alwaysOutOfDate = 1;
			buildActionMask = 12;
			files = (
			);
			inputFileListPaths = (
			);
			inputPaths = (
				"$TEMP_DIR/rswift-lastrun",
			);
			outputFileListPaths = (
			);
			outputPaths = (
				"$SRCROOT/R.generated.swift",
			);
			runOnlyForDeploymentPostprocessing = 0;
			shellPath = /bin/sh;
			shellScript = "rswift generate \"$SRCROOT/R.generated.swift\"\n";
		};
		569ECA83EBA24D9521CE6F26 /* [CP] Embed Pods Frameworks */ = {
			isa = PBXShellScriptBuildPhase;
			buildActionMask = 2147483647;
			files = (
			);
			inputFileListPaths = (
				"${PODS_ROOT}/Target Support Files/Pods-usKet_HobbyFriend/Pods-usKet_HobbyFriend-frameworks-${CONFIGURATION}-input-files.xcfilelist",
			);
			name = "[CP] Embed Pods Frameworks";
			outputFileListPaths = (
				"${PODS_ROOT}/Target Support Files/Pods-usKet_HobbyFriend/Pods-usKet_HobbyFriend-frameworks-${CONFIGURATION}-output-files.xcfilelist",
			);
			runOnlyForDeploymentPostprocessing = 0;
			shellPath = /bin/sh;
			shellScript = "\"${PODS_ROOT}/Target Support Files/Pods-usKet_HobbyFriend/Pods-usKet_HobbyFriend-frameworks.sh\"\n";
			showEnvVarsInLog = 0;
		};
		89D0F19EE5BB280772BC74CE /* [CP] Check Pods Manifest.lock */ = {
			isa = PBXShellScriptBuildPhase;
			buildActionMask = 2147483647;
			files = (
			);
			inputFileListPaths = (
			);
			inputPaths = (
				"${PODS_PODFILE_DIR_PATH}/Podfile.lock",
				"${PODS_ROOT}/Manifest.lock",
			);
			name = "[CP] Check Pods Manifest.lock";
			outputFileListPaths = (
			);
			outputPaths = (
				"$(DERIVED_FILE_DIR)/Pods-usKet_HobbyFriend-checkManifestLockResult.txt",
			);
			runOnlyForDeploymentPostprocessing = 0;
			shellPath = /bin/sh;
			shellScript = "diff \"${PODS_PODFILE_DIR_PATH}/Podfile.lock\" \"${PODS_ROOT}/Manifest.lock\" > /dev/null\nif [ $? != 0 ] ; then\n    # print error to STDERR\n    echo \"error: The sandbox is not in sync with the Podfile.lock. Run 'pod install' or update your CocoaPods installation.\" >&2\n    exit 1\nfi\n# This output is used by Xcode 'outputs' to avoid re-running this script phase.\necho \"SUCCESS\" > \"${SCRIPT_OUTPUT_FILE_0}\"\n";
			showEnvVarsInLog = 0;
		};
/* End PBXShellScriptBuildPhase section */

/* Begin PBXSourcesBuildPhase section */
		4C0DBBCE279529D8005DBE66 /* Sources */ = {
			isa = PBXSourcesBuildPhase;
			buildActionMask = 2147483647;
			files = (
				4C0D75EE27A27AA000566CC0 /* MyInfoCollectionView.swift in Sources */,
				4C0D75E427A1AE9900566CC0 /* MyInfoHeaderTableViewCell.swift in Sources */,
				4C0D75A3279AD88600566CC0 /* NickNameViewController.swift in Sources */,
				4C0D75E127A1AA1A00566CC0 /* MyInfoModel.swift in Sources */,
				4CF7757C2797EF15009CC655 /* UIFont + Extension.swift in Sources */,
				4C0D75AD279B208300566CC0 /* Date + Extension.swift in Sources */,
				4CF775782797E7B5009CC655 /* UILabel + Extension.swift in Sources */,
				4C0D75CF27A10EB400566CC0 /* MyInfoViewModel.swift in Sources */,
				4C0DBBD6279529D8005DBE66 /* AppDelegate.swift in Sources */,
				4CF7758727982D44009CC655 /* CertificationViewModel.swift in Sources */,
				4CF7758A27982D87009CC655 /* Observable.swift in Sources */,
				4C0D75A1279A8AAE00566CC0 /* SignupSingleton.swift in Sources */,
				4CF775922798316F009CC655 /* HomeViewController.swift in Sources */,
				4C0D75C7279FF19B00566CC0 /* ProfileNameView.swift in Sources */,
				4C0D75D727A123E900566CC0 /* MyInfoView.swift in Sources */,
				4CF775742797CD8F009CC655 /* OnboardViewController.swift in Sources */,
				4C0D75CD27A0432E00566CC0 /* MyInfoDetailVIewController.swift in Sources */,
				4C0D75EC27A27A3E00566CC0 /* MyInfoTitleCollectionViewCell.swift in Sources */,
				4CF77594279831AE009CC655 /* CerMessageViewController.swift in Sources */,
				4C0D75A5279AD8F400566CC0 /* BirthViewController.swift in Sources */,
				4C0D75E627A1B58800566CC0 /* MyInfoTableViewCell.swift in Sources */,
				4C0D75A9279AD90E00566CC0 /* GenderViewController.swift in Sources */,
				4CF775802797FB20009CC655 /* BaseViewController.swift in Sources */,
				4CF7757E2797F19E009CC655 /* String + Extension.swift in Sources */,
				4C62F7D527A2F138004C5BEC /* MyInfoSpecificView.swift in Sources */,
				4C62F7D727A40828004C5BEC /* AlertView.swift in Sources */,
				4C0D75D927A1266600566CC0 /* MyInfoFoldView.swift in Sources */,
				4C0D75AB279B0D4100566CC0 /* DateView.swift in Sources */,
				4C0D75B6279D8A1900566CC0 /* FriendsViewController.swift in Sources */,
				4CF7758527982B45009CC655 /* CertificationViewController.swift in Sources */,
				4C0D75B2279D892A00566CC0 /* HomeTabViewController.swift in Sources */,
				4CF7759B27983BB5009CC655 /* UITextField + Extension.swift in Sources */,
				4C0D75B8279D8A5E00566CC0 /* MyInfoViewController.swift in Sources */,
				4C0D75B4279D89F200566CC0 /* ShopViewController.swift in Sources */,
				4CF7758E27982EE1009CC655 /* APIService.swift in Sources */,
				4C0DBBD8279529D8005DBE66 /* SceneDelegate.swift in Sources */,
				4CF7757A2797E7CC009CC655 /* UITextView + Extension.swift in Sources */,
				4C62F7D327A2E143004C5BEC /* MyInfoHeaderView.swift in Sources */,
				4CF7759E279877AD009CC655 /* UIViewController + Extension.swift in Sources */,
				4C0D75A7279AD90000566CC0 /* EmailViewController.swift in Sources */,
				4CF7759027982EF4009CC655 /* EndPoint.swift in Sources */,
				4CF77596279834A0009CC655 /* UIButton + Extension.swift in Sources */,
				4C0D759F279A734000566CC0 /* User.swift in Sources */,
				4CF7756827970FDC009CC655 /* R.generated.swift in Sources */,
			);
			runOnlyForDeploymentPostprocessing = 0;
		};
/* End PBXSourcesBuildPhase section */

/* Begin PBXVariantGroup section */
		4C0DBBE0279529DA005DBE66 /* LaunchScreen.storyboard */ = {
			isa = PBXVariantGroup;
			children = (
				4C0DBBE1279529DA005DBE66 /* Base */,
			);
			name = LaunchScreen.storyboard;
			sourceTree = "<group>";
		};
/* End PBXVariantGroup section */

/* Begin XCBuildConfiguration section */
		4C0DBBE4279529DA005DBE66 /* Debug */ = {
			isa = XCBuildConfiguration;
			buildSettings = {
				ALWAYS_SEARCH_USER_PATHS = NO;
				CLANG_ANALYZER_NONNULL = YES;
				CLANG_ANALYZER_NUMBER_OBJECT_CONVERSION = YES_AGGRESSIVE;
				CLANG_CXX_LANGUAGE_STANDARD = "gnu++17";
				CLANG_CXX_LIBRARY = "libc++";
				CLANG_ENABLE_MODULES = YES;
				CLANG_ENABLE_OBJC_ARC = YES;
				CLANG_ENABLE_OBJC_WEAK = YES;
				CLANG_WARN_BLOCK_CAPTURE_AUTORELEASING = YES;
				CLANG_WARN_BOOL_CONVERSION = YES;
				CLANG_WARN_COMMA = YES;
				CLANG_WARN_CONSTANT_CONVERSION = YES;
				CLANG_WARN_DEPRECATED_OBJC_IMPLEMENTATIONS = YES;
				CLANG_WARN_DIRECT_OBJC_ISA_USAGE = YES_ERROR;
				CLANG_WARN_DOCUMENTATION_COMMENTS = YES;
				CLANG_WARN_EMPTY_BODY = YES;
				CLANG_WARN_ENUM_CONVERSION = YES;
				CLANG_WARN_INFINITE_RECURSION = YES;
				CLANG_WARN_INT_CONVERSION = YES;
				CLANG_WARN_NON_LITERAL_NULL_CONVERSION = YES;
				CLANG_WARN_OBJC_IMPLICIT_RETAIN_SELF = YES;
				CLANG_WARN_OBJC_LITERAL_CONVERSION = YES;
				CLANG_WARN_OBJC_ROOT_CLASS = YES_ERROR;
				CLANG_WARN_QUOTED_INCLUDE_IN_FRAMEWORK_HEADER = YES;
				CLANG_WARN_RANGE_LOOP_ANALYSIS = YES;
				CLANG_WARN_STRICT_PROTOTYPES = YES;
				CLANG_WARN_SUSPICIOUS_MOVE = YES;
				CLANG_WARN_UNGUARDED_AVAILABILITY = YES_AGGRESSIVE;
				CLANG_WARN_UNREACHABLE_CODE = YES;
				CLANG_WARN__DUPLICATE_METHOD_MATCH = YES;
				COPY_PHASE_STRIP = NO;
				DEBUG_INFORMATION_FORMAT = dwarf;
				ENABLE_STRICT_OBJC_MSGSEND = YES;
				ENABLE_TESTABILITY = YES;
				GCC_C_LANGUAGE_STANDARD = gnu11;
				GCC_DYNAMIC_NO_PIC = NO;
				GCC_NO_COMMON_BLOCKS = YES;
				GCC_OPTIMIZATION_LEVEL = 0;
				GCC_PREPROCESSOR_DEFINITIONS = (
					"DEBUG=1",
					"$(inherited)",
				);
				GCC_WARN_64_TO_32_BIT_CONVERSION = YES;
				GCC_WARN_ABOUT_RETURN_TYPE = YES_ERROR;
				GCC_WARN_UNDECLARED_SELECTOR = YES;
				GCC_WARN_UNINITIALIZED_AUTOS = YES_AGGRESSIVE;
				GCC_WARN_UNUSED_FUNCTION = YES;
				GCC_WARN_UNUSED_VARIABLE = YES;
				IPHONEOS_DEPLOYMENT_TARGET = 15.0;
				MTL_ENABLE_DEBUG_INFO = INCLUDE_SOURCE;
				MTL_FAST_MATH = YES;
				ONLY_ACTIVE_ARCH = YES;
				SDKROOT = iphoneos;
				SWIFT_ACTIVE_COMPILATION_CONDITIONS = DEBUG;
				SWIFT_OPTIMIZATION_LEVEL = "-Onone";
			};
			name = Debug;
		};
		4C0DBBE5279529DA005DBE66 /* Release */ = {
			isa = XCBuildConfiguration;
			buildSettings = {
				ALWAYS_SEARCH_USER_PATHS = NO;
				CLANG_ANALYZER_NONNULL = YES;
				CLANG_ANALYZER_NUMBER_OBJECT_CONVERSION = YES_AGGRESSIVE;
				CLANG_CXX_LANGUAGE_STANDARD = "gnu++17";
				CLANG_CXX_LIBRARY = "libc++";
				CLANG_ENABLE_MODULES = YES;
				CLANG_ENABLE_OBJC_ARC = YES;
				CLANG_ENABLE_OBJC_WEAK = YES;
				CLANG_WARN_BLOCK_CAPTURE_AUTORELEASING = YES;
				CLANG_WARN_BOOL_CONVERSION = YES;
				CLANG_WARN_COMMA = YES;
				CLANG_WARN_CONSTANT_CONVERSION = YES;
				CLANG_WARN_DEPRECATED_OBJC_IMPLEMENTATIONS = YES;
				CLANG_WARN_DIRECT_OBJC_ISA_USAGE = YES_ERROR;
				CLANG_WARN_DOCUMENTATION_COMMENTS = YES;
				CLANG_WARN_EMPTY_BODY = YES;
				CLANG_WARN_ENUM_CONVERSION = YES;
				CLANG_WARN_INFINITE_RECURSION = YES;
				CLANG_WARN_INT_CONVERSION = YES;
				CLANG_WARN_NON_LITERAL_NULL_CONVERSION = YES;
				CLANG_WARN_OBJC_IMPLICIT_RETAIN_SELF = YES;
				CLANG_WARN_OBJC_LITERAL_CONVERSION = YES;
				CLANG_WARN_OBJC_ROOT_CLASS = YES_ERROR;
				CLANG_WARN_QUOTED_INCLUDE_IN_FRAMEWORK_HEADER = YES;
				CLANG_WARN_RANGE_LOOP_ANALYSIS = YES;
				CLANG_WARN_STRICT_PROTOTYPES = YES;
				CLANG_WARN_SUSPICIOUS_MOVE = YES;
				CLANG_WARN_UNGUARDED_AVAILABILITY = YES_AGGRESSIVE;
				CLANG_WARN_UNREACHABLE_CODE = YES;
				CLANG_WARN__DUPLICATE_METHOD_MATCH = YES;
				COPY_PHASE_STRIP = NO;
				DEBUG_INFORMATION_FORMAT = "dwarf-with-dsym";
				ENABLE_NS_ASSERTIONS = NO;
				ENABLE_STRICT_OBJC_MSGSEND = YES;
				GCC_C_LANGUAGE_STANDARD = gnu11;
				GCC_NO_COMMON_BLOCKS = YES;
				GCC_WARN_64_TO_32_BIT_CONVERSION = YES;
				GCC_WARN_ABOUT_RETURN_TYPE = YES_ERROR;
				GCC_WARN_UNDECLARED_SELECTOR = YES;
				GCC_WARN_UNINITIALIZED_AUTOS = YES_AGGRESSIVE;
				GCC_WARN_UNUSED_FUNCTION = YES;
				GCC_WARN_UNUSED_VARIABLE = YES;
				IPHONEOS_DEPLOYMENT_TARGET = 15.0;
				MTL_ENABLE_DEBUG_INFO = NO;
				MTL_FAST_MATH = YES;
				SDKROOT = iphoneos;
				SWIFT_COMPILATION_MODE = wholemodule;
				SWIFT_OPTIMIZATION_LEVEL = "-O";
				VALIDATE_PRODUCT = YES;
			};
			name = Release;
		};
		4C0DBBE7279529DA005DBE66 /* Debug */ = {
			isa = XCBuildConfiguration;
			baseConfigurationReference = 384711D0DB3E1DB032B24F36 /* Pods-usKet_HobbyFriend.debug.xcconfig */;
			buildSettings = {
				ASSETCATALOG_COMPILER_APPICON_NAME = AppIcon;
				ASSETCATALOG_COMPILER_GLOBAL_ACCENT_COLOR_NAME = AccentColor;
				CODE_SIGN_ENTITLEMENTS = "";
				CODE_SIGN_STYLE = Automatic;
				CURRENT_PROJECT_VERSION = 1;
				DEVELOPMENT_TEAM = 2EZ5QWFYX2;
				GENERATE_INFOPLIST_FILE = YES;
				INFOPLIST_FILE = usKet_HobbyFriend/Info.plist;
				INFOPLIST_KEY_UIApplicationSupportsIndirectInputEvents = YES;
				INFOPLIST_KEY_UILaunchStoryboardName = LaunchScreen;
				INFOPLIST_KEY_UISupportedInterfaceOrientations_iPad = "UIInterfaceOrientationPortrait UIInterfaceOrientationPortraitUpsideDown UIInterfaceOrientationLandscapeLeft UIInterfaceOrientationLandscapeRight";
				INFOPLIST_KEY_UISupportedInterfaceOrientations_iPhone = "UIInterfaceOrientationPortrait UIInterfaceOrientationLandscapeLeft UIInterfaceOrientationLandscapeRight";
				LD_RUNPATH_SEARCH_PATHS = (
					"$(inherited)",
					"@executable_path/Frameworks",
				);
				MARKETING_VERSION = 1.0;
				PRODUCT_BUNDLE_IDENTIFIER = com.memolease.sesac1;
				PRODUCT_NAME = "$(TARGET_NAME)";
				SWIFT_EMIT_LOC_STRINGS = YES;
				SWIFT_VERSION = 5.0;
				TARGETED_DEVICE_FAMILY = 1;
			};
			name = Debug;
		};
		4C0DBBE8279529DA005DBE66 /* Release */ = {
			isa = XCBuildConfiguration;
			baseConfigurationReference = 8F096AC900D0AB011B455893 /* Pods-usKet_HobbyFriend.release.xcconfig */;
			buildSettings = {
				ASSETCATALOG_COMPILER_APPICON_NAME = AppIcon;
				ASSETCATALOG_COMPILER_GLOBAL_ACCENT_COLOR_NAME = AccentColor;
				CODE_SIGN_ENTITLEMENTS = "";
				CODE_SIGN_STYLE = Automatic;
				CURRENT_PROJECT_VERSION = 1;
				DEVELOPMENT_TEAM = 2EZ5QWFYX2;
				GENERATE_INFOPLIST_FILE = YES;
				INFOPLIST_FILE = usKet_HobbyFriend/Info.plist;
				INFOPLIST_KEY_UIApplicationSupportsIndirectInputEvents = YES;
				INFOPLIST_KEY_UILaunchStoryboardName = LaunchScreen;
				INFOPLIST_KEY_UISupportedInterfaceOrientations_iPad = "UIInterfaceOrientationPortrait UIInterfaceOrientationPortraitUpsideDown UIInterfaceOrientationLandscapeLeft UIInterfaceOrientationLandscapeRight";
				INFOPLIST_KEY_UISupportedInterfaceOrientations_iPhone = "UIInterfaceOrientationPortrait UIInterfaceOrientationLandscapeLeft UIInterfaceOrientationLandscapeRight";
				LD_RUNPATH_SEARCH_PATHS = (
					"$(inherited)",
					"@executable_path/Frameworks",
				);
				MARKETING_VERSION = 1.0;
				PRODUCT_BUNDLE_IDENTIFIER = com.memolease.sesac1;
				PRODUCT_NAME = "$(TARGET_NAME)";
				SWIFT_EMIT_LOC_STRINGS = YES;
				SWIFT_VERSION = 5.0;
				TARGETED_DEVICE_FAMILY = 1;
			};
			name = Release;
		};
/* End XCBuildConfiguration section */

/* Begin XCConfigurationList section */
		4C0DBBCD279529D8005DBE66 /* Build configuration list for PBXProject "usKet_HobbyFriend" */ = {
			isa = XCConfigurationList;
			buildConfigurations = (
				4C0DBBE4279529DA005DBE66 /* Debug */,
				4C0DBBE5279529DA005DBE66 /* Release */,
			);
			defaultConfigurationIsVisible = 0;
			defaultConfigurationName = Release;
		};
		4C0DBBE6279529DA005DBE66 /* Build configuration list for PBXNativeTarget "usKet_HobbyFriend" */ = {
			isa = XCConfigurationList;
			buildConfigurations = (
				4C0DBBE7279529DA005DBE66 /* Debug */,
				4C0DBBE8279529DA005DBE66 /* Release */,
			);
			defaultConfigurationIsVisible = 0;
			defaultConfigurationName = Release;
		};
/* End XCConfigurationList section */

/* Begin XCRemoteSwiftPackageReference section */
		4C0D75AE279D623400566CC0 /* XCRemoteSwiftPackageReference "Alamofire" */ = {
			isa = XCRemoteSwiftPackageReference;
			repositoryURL = "https://github.com/Alamofire/Alamofire";
			requirement = {
				kind = upToNextMajorVersion;
				minimumVersion = 5.0.0;
			};
		};
		4C0D75BF279ED72600566CC0 /* XCRemoteSwiftPackageReference "RxSwift" */ = {
			isa = XCRemoteSwiftPackageReference;
			repositoryURL = "https://github.com/ReactiveX/RxSwift";
			requirement = {
				kind = upToNextMajorVersion;
				minimumVersion = 6.0.0;
			};
		};
		4C0DBBE927954762005DBE66 /* XCRemoteSwiftPackageReference "firebase-ios-sdk" */ = {
			isa = XCRemoteSwiftPackageReference;
			repositoryURL = "https://github.com/firebase/firebase-ios-sdk";
			requirement = {
				kind = upToNextMajorVersion;
				minimumVersion = 8.0.0;
			};
		};
		4C0DBBFE27955935005DBE66 /* XCRemoteSwiftPackageReference "SnapKit" */ = {
			isa = XCRemoteSwiftPackageReference;
			repositoryURL = "https://github.com/SnapKit/SnapKit";
			requirement = {
				kind = upToNextMajorVersion;
				minimumVersion = 5.0.0;
			};
		};
		4CF7756027970B26009CC655 /* XCRemoteSwiftPackageReference "R.swift.Library" */ = {
			isa = XCRemoteSwiftPackageReference;
			repositoryURL = "https://github.com/mac-cain13/R.swift.Library";
			requirement = {
				kind = upToNextMajorVersion;
				minimumVersion = 5.0.0;
			};
		};
		4CF77597279837EA009CC655 /* XCRemoteSwiftPackageReference "IQKeyboardManager" */ = {
			isa = XCRemoteSwiftPackageReference;
			repositoryURL = "https://github.com/hackiftekhar/IQKeyboardManager";
			requirement = {
				kind = upToNextMajorVersion;
				minimumVersion = 6.0.0;
			};
		};
/* End XCRemoteSwiftPackageReference section */

/* Begin XCSwiftPackageProductDependency section */
		4C0D75AF279D623500566CC0 /* Alamofire */ = {
			isa = XCSwiftPackageProductDependency;
			package = 4C0D75AE279D623400566CC0 /* XCRemoteSwiftPackageReference "Alamofire" */;
			productName = Alamofire;
		};
		4C0D75C0279ED72700566CC0 /* RxCocoa */ = {
			isa = XCSwiftPackageProductDependency;
			package = 4C0D75BF279ED72600566CC0 /* XCRemoteSwiftPackageReference "RxSwift" */;
			productName = RxCocoa;
		};
		4C0D75C2279ED72700566CC0 /* RxRelay */ = {
			isa = XCSwiftPackageProductDependency;
			package = 4C0D75BF279ED72600566CC0 /* XCRemoteSwiftPackageReference "RxSwift" */;
			productName = RxRelay;
		};
		4C0D75C4279ED72700566CC0 /* RxSwift */ = {
			isa = XCSwiftPackageProductDependency;
			package = 4C0D75BF279ED72600566CC0 /* XCRemoteSwiftPackageReference "RxSwift" */;
			productName = RxSwift;
		};
		4C0DBBEA27954762005DBE66 /* FirebaseAnalytics */ = {
			isa = XCSwiftPackageProductDependency;
			package = 4C0DBBE927954762005DBE66 /* XCRemoteSwiftPackageReference "firebase-ios-sdk" */;
			productName = FirebaseAnalytics;
		};
		4C0DBBEC27954762005DBE66 /* FirebaseAuth */ = {
			isa = XCSwiftPackageProductDependency;
			package = 4C0DBBE927954762005DBE66 /* XCRemoteSwiftPackageReference "firebase-ios-sdk" */;
			productName = FirebaseAuth;
		};
		4C0DBBEE27954762005DBE66 /* FirebaseAuthCombine-Community */ = {
			isa = XCSwiftPackageProductDependency;
			package = 4C0DBBE927954762005DBE66 /* XCRemoteSwiftPackageReference "firebase-ios-sdk" */;
			productName = "FirebaseAuthCombine-Community";
		};
		4C0DBBF027954762005DBE66 /* FirebaseCrashlytics */ = {
			isa = XCSwiftPackageProductDependency;
			package = 4C0DBBE927954762005DBE66 /* XCRemoteSwiftPackageReference "firebase-ios-sdk" */;
			productName = FirebaseCrashlytics;
		};
		4C0DBBF227954762005DBE66 /* FirebaseDatabase */ = {
			isa = XCSwiftPackageProductDependency;
			package = 4C0DBBE927954762005DBE66 /* XCRemoteSwiftPackageReference "firebase-ios-sdk" */;
			productName = FirebaseDatabase;
		};
		4C0DBBF427954762005DBE66 /* FirebaseFirestore */ = {
			isa = XCSwiftPackageProductDependency;
			package = 4C0DBBE927954762005DBE66 /* XCRemoteSwiftPackageReference "firebase-ios-sdk" */;
			productName = FirebaseFirestore;
		};
		4C0DBBF627954762005DBE66 /* FirebaseMessaging */ = {
			isa = XCSwiftPackageProductDependency;
			package = 4C0DBBE927954762005DBE66 /* XCRemoteSwiftPackageReference "firebase-ios-sdk" */;
			productName = FirebaseMessaging;
		};
		4C0DBBFF27955935005DBE66 /* SnapKit */ = {
			isa = XCSwiftPackageProductDependency;
			package = 4C0DBBFE27955935005DBE66 /* XCRemoteSwiftPackageReference "SnapKit" */;
			productName = SnapKit;
		};
		4CF7756127970B26009CC655 /* Rswift */ = {
			isa = XCSwiftPackageProductDependency;
			package = 4CF7756027970B26009CC655 /* XCRemoteSwiftPackageReference "R.swift.Library" */;
			productName = Rswift;
		};
		4CF77598279837EA009CC655 /* IQKeyboardManagerSwift */ = {
			isa = XCSwiftPackageProductDependency;
			package = 4CF77597279837EA009CC655 /* XCRemoteSwiftPackageReference "IQKeyboardManager" */;
			productName = IQKeyboardManagerSwift;
		};
/* End XCSwiftPackageProductDependency section */
	};
	rootObject = 4C0DBBCA279529D8005DBE66 /* Project object */;
}
